# This file is automatically generated by Cargo.
# It is not intended for manual editing.
version = 3

[[package]]
name = "actix-cors"
version = "0.7.0"
source = "registry+https://github.com/rust-lang/crates.io-index"
dependencies = [
 "actix-utils",
 "actix-web",
 "derive_more",
 "futures-util",
 "log",
 "once_cell",
 "smallvec",
]

[[package]]
name = "actix-rt"
version = "2.10.0"
source = "registry+https://github.com/rust-lang/crates.io-index"
dependencies = [
 "futures-core",
 "tokio",
]

[[package]]
name = "actix-utils"
version = "3.0.1"
source = "registry+https://github.com/rust-lang/crates.io-index"
dependencies = [
 "local-waker",
 "pin-project-lite",
]

[[package]]
name = "actix-web"
version = "4.9.0"
source = "registry+https://github.com/rust-lang/crates.io-index"
dependencies = [
 "actix-rt",
 "actix-utils",
 "bytes",
 "cfg-if",
 "futures-core",
 "futures-util",
 "log",
 "parking_lot",
 "pin-project-lite",
 "serde",
 "serde_json",
 "smallvec",
 "tokio",
]

[[package]]
name = "bytes"
version = "1.7.1"
source = "registry+https://github.com/rust-lang/crates.io-index"

[[package]]
name = "cfg-if"
version = "1.0.0"
source = "registry+https://github.com/rust-lang/crates.io-index"

[[package]]
name = "chrono"
version = "0.4.38"
source = "registry+https://github.com/rust-lang/crates.io-index"
dependencies = [
 "num-traits",
 "serde",
]

[[package]]
name = "derive_more"
version = "0.99.18"
source = "registry+https://github.com/rust-lang/crates.io-index"
dependencies = [
 "proc-macro2",
 "quote",
 "syn",
]

[[package]]
name = "flash-sale-engine"
version = "1.0.0"
dependencies = [
 "actix-cors",
 "actix-rt",
 "actix-web",
 "chrono",
 "hex",
 "hmac",
 "parking_lot",
 "serde",
 "serde_json",
 "sha2",
 "tokio",
 "uuid",
]

[[package]]
name = "futures-core"
version = "0.3.30"
source = "registry+https://github.com/rust-lang/crates.io-index"

[[package]]
name = "futures-util"
version = "0.3.30"
source = "registry+https://github.com/rust-lang/crates.io-index"
dependencies = [
 "futures-core",
 "pin-project-lite",
]

[[package]]
name = "hex"
version = "0.4.3"
source = "registry+https://github.com/rust-lang/crates.io-index"

[[package]]
name = "hmac"
version = "0.12.1"
source = "registry+https://github.com/rust-lang/crates.io-index"
dependencies = [
 "digest",
]

[[package]]
name = "digest"
version = "0.10.7"
source = "registry+https://github.com/rust-lang/crates.io-index"

[[package]]
name = "local-waker"
version = "0.1.4"
source = "registry+https://github.com/rust-lang/crates.io-index"

[[package]]
name = "log"
version = "0.4.22"
source = "registry+https://github.com/rust-lang/crates.io-index"

[[package]]
name = "num-traits"
version = "0.2.19"
source = "registry+https://github.com/rust-lang/crates.io-index"

[[package]]
name = "once_cell"
version = "1.19.0"
source = "registry+https://github.com/rust-lang/crates.io-index"

[[package]]
name = "parking_lot"
version = "0.12.3"
source = "registry+https://github.com/rust-lang/crates.io-index"
dependencies = [
 "parking_lot_core",
]

[[package]]
name = "parking_lot_core"
version = "0.9.10"
source = "registry+https://github.com/rust-lang/crates.io-index"

[[package]]
name = "pin-project-lite"
version = "0.2.14"
source = "registry+https://github.com/rust-lang/crates.io-index"

[[package]]
name = "proc-macro2"
version = "1.0.86"
source = "registry+https://github.com/rust-lang/crates.io-index"

[[package]]
name = "quote"
version = "1.0.37"
source = "registry+https://github.com/rust-lang/crates.io-index"
dependencies = [
 "proc-macro2",
]

[[package]]
name = "serde"
version = "1.0.210"
source = "registry+https://github.com/rust-lang/crates.io-index"
dependencies = [
 "serde_derive",
]

[[package]]
name = "serde_derive"
version = "1.0.210"
source = "registry+https://github.com/rust-lang/crates.io-index"
dependencies = [
 "proc-macro2",
 "quote",
 "syn",
]

[[package]]
name = "serde_json"
version = "1.0.128"
source = "registry+https://github.com/rust-lang/crates.io-index"
dependencies = [
 "serde",
]

[[package]]
name = "sha2"
version = "0.10.8"
source = "registry+https://github.com/rust-lang/crates.io-index"
dependencies = [
 "digest",
]

[[package]]
name = "smallvec"
version = "1.13.2"
source = "registry+https://github.com/rust-lang/crates.io-index"

[[package]]
name = "syn"
version = "2.0.77"
source = "registry+https://github.com/rust-lang/crates.io-index"
dependencies = [
 "proc-macro2",
 "quote",
]

[[package]]
name = "tokio"
version = "1.40.0"
source = "registry+https://github.com/rust-lang/crates.io-index"
dependencies = [
 "bytes",
 "parking_lot",
 "pin-project-lite",
]

[[package]]
name = "uuid"
version = "1.10.0"
source = "registry+https://github.com/rust-lang/crates.io-index"
dependencies = [
 "serde",
]
